
Microsoft Visual Studio Solution File, Format Version 12.00
# Visual Studio 15
VisualStudioVersion = 15.0.28307.902
MinimumVisualStudioVersion = 10.0.40219.1
Project("{8BC9CEB8-8B4A-11D0-8D11-00A0C91BC942}") = "HW01_01", "HW01_01\HW01_01.vcxproj", "{F13149E3-9728-4B19-A22F-FBCE0E9E68E6}"
EndProject
Project("{8BC9CEB8-8B4A-11D0-8D11-00A0C91BC942}") = "HW01_02", "HW01_02\HW01_02.vcxproj", "{4C8761A0-6629-42B5-986A-C54E2CA48B7B}"
EndProject
Global
	GlobalSection(SolutionConfigurationPlatforms) = preSolution
		Debug|x64 = Debug|x64
		Debug|x86 = Debug|x86
		Release|x64 = Release|x64
		Release|x86 = Release|x86
	EndGlobalSection
	GlobalSection(ProjectConfigurationPlatforms) = postSolution
		{F13149E3-9728-4B19-A22F-FBCE0E9E68E6}.Debug|x64.ActiveCfg = Debug|x64
		{F13149E3-9728-4B19-A22F-FBCE0E9E68E6}.Debug|x64.Build.0 = Debug|x64
		{F13149E3-9728-4B19-A22F-FBCE0E9E68E6}.Debug|x86.ActiveCfg = Debug|Win32
		{F13149E3-9728-4B19-A22F-FBCE0E9E68E6}.Debug|x86.Build.0 = Debug|Win32
		{F13149E3-9728-4B19-A22F-FBCE0E9E68E6}.Release|x64.ActiveCfg = Release|x64
		{F13149E3-9728-4B19-A22F-FBCE0E9E68E6}.Release|x64.Build.0 = Release|x64
		{F13149E3-9728-4B19-A22F-FBCE0E9E68E6}.Release|x86.ActiveCfg = Release|Win32
		{F13149E3-9728-4B19-A22F-FBCE0E9E68E6}.Release|x86.Build.0 = Release|Win32
		{4C8761A0-6629-42B5-986A-C54E2CA48B7B}.Debug|x64.ActiveCfg = Debug|x64
		{4C8761A0-6629-42B5-986A-C54E2CA48B7B}.Debug|x64.Build.0 = Debug|x64
		{4C8761A0-6629-42B5-986A-C54E2CA48B7B}.Debug|x86.ActiveCfg = Debug|Win32
		{4C8761A0-6629-42B5-986A-C54E2CA48B7B}.Debug|x86.Build.0 = Debug|Win32
		{4C8761A0-6629-42B5-986A-C54E2CA48B7B}.Release|x64.ActiveCfg = Release|x64
		{4C8761A0-6629-42B5-986A-C54E2CA48B7B}.Release|x64.Build.0 = Release|x64
		{4C8761A0-6629-42B5-986A-C54E2CA48B7B}.Release|x86.ActiveCfg = Release|Win32
		{4C8761A0-6629-42B5-986A-C54E2CA48B7B}.Release|x86.Build.0 = Release|Win32
	EndGlobalSection
	GlobalSection(SolutionProperties) = preSolution
		HideSolutionNode = FALSE
	EndGlobalSection
	GlobalSection(ExtensibilityGlobals) = postSolution
		SolutionGuid = {29CC8384-9A81-44A7-A269-35BC9330BFE9}
	EndGlobalSection
EndGlobal
